
Microsoft Visual Studio Solution File, Format Version 11.00
# Visual Studio 2010
Project("{FAE04EC0-301F-11D3-BF4B-00C04F79EFBC}") = "Exemplos", "Exemplos\Exemplos.csproj", "{EC3FFAC1-2161-4CBE-9A29-A020686E466E}"
EndProject
Project("{FAE04EC0-301F-11D3-BF4B-00C04F79EFBC}") = "NTPClient", "NTPClient\NTPClient.csproj", "{240043CD-0CA6-447E-8BAA-8B421E3DF664}"
EndProject
Project("{FAE04EC0-301F-11D3-BF4B-00C04F79EFBC}") = "ServiceBus", "ServiceBus\ServiceBus.csproj", "{4EE3C004-4028-4201-A540-D2E3E2E0D98E}"
EndProject
Project("{2150E333-8FDC-42A3-9474-1A3956D46DE8}") = "TestesUnitarios", "TestesUnitarios", "{6784F855-478F-4860-9046-5E40C833C763}"
EndProject
Project("{2150E333-8FDC-42A3-9474-1A3956D46DE8}") = "[CaixaEletronico]", "[CaixaEletronico]", "{4928335C-2A8E-4007-96D0-378B9B798F16}"
EndProject
Project("{FAE04EC0-301F-11D3-BF4B-00C04F79EFBC}") = "CaixaEletronico", "[CaixaEletronico]\CaixaEletronico\CaixaEletronico.csproj", "{378955D6-7B4F-46FD-9AC0-FE50F6383518}"
EndProject
Project("{FAE04EC0-301F-11D3-BF4B-00C04F79EFBC}") = "CaixaEletronicoWeb", "[CaixaEletronico]\CaixaEletronicoWeb\CaixaEletronicoWeb.csproj", "{CD176A12-B57F-4E2B-A777-6E6718B351E1}"
EndProject
Project("{2150E333-8FDC-42A3-9474-1A3956D46DE8}") = "[Vendas]", "[Vendas]", "{A7650E02-89E1-41A8-8691-75F682A2A04A}"
EndProject
Project("{FAE04EC0-301F-11D3-BF4B-00C04F79EFBC}") = "VendasView", "[Vendas]\VendasView\VendasView.csproj", "{0585196C-2171-493F-9654-14E1B8E97D94}"
EndProject
Project("{FAE04EC0-301F-11D3-BF4B-00C04F79EFBC}") = "VendasModel", "[Vendas]\VendasModel\VendasModel.csproj", "{773A3340-447A-4EF7-83FA-DB3FDD1EB87C}"
EndProject
Project("{FAE04EC0-301F-11D3-BF4B-00C04F79EFBC}") = "VendasController", "[Vendas]\VendasController\VendasController.csproj", "{59B29EA4-6134-4E52-BE2A-C89B3528B080}"
EndProject
Project("{FAE04EC0-301F-11D3-BF4B-00C04F79EFBC}") = "CaixaEletronicoTest", "[CaixaEletronico]\CaixaEletronicoTest\CaixaEletronicoTest.csproj", "{345570C3-2354-4927-90C3-E4F38B247D31}"
EndProject
Project("{2150E333-8FDC-42A3-9474-1A3956D46DE8}") = "[AutoCompletar]", "[AutoCompletar]", "{3A7BA554-87A9-4C6D-BB38-107C1D58B3F2}"
EndProject
Project("{FAE04EC0-301F-11D3-BF4B-00C04F79EFBC}") = "AutoCompletar", "[AutoCompletar]\AutoCompletar.csproj", "{4E944FFB-9CEA-4716-948F-9F6D6F271151}"
EndProject
Global
	GlobalSection(SolutionConfigurationPlatforms) = preSolution
		Debug|Any CPU = Debug|Any CPU
		Debug|Mixed Platforms = Debug|Mixed Platforms
		Debug|x86 = Debug|x86
		Release|Any CPU = Release|Any CPU
		Release|Mixed Platforms = Release|Mixed Platforms
		Release|x86 = Release|x86
	EndGlobalSection
	GlobalSection(ProjectConfigurationPlatforms) = postSolution
		{EC3FFAC1-2161-4CBE-9A29-A020686E466E}.Debug|Any CPU.ActiveCfg = Debug|x86
		{EC3FFAC1-2161-4CBE-9A29-A020686E466E}.Debug|Mixed Platforms.ActiveCfg = Debug|x86
		{EC3FFAC1-2161-4CBE-9A29-A020686E466E}.Debug|Mixed Platforms.Build.0 = Debug|x86
		{EC3FFAC1-2161-4CBE-9A29-A020686E466E}.Debug|x86.ActiveCfg = Debug|x86
		{EC3FFAC1-2161-4CBE-9A29-A020686E466E}.Debug|x86.Build.0 = Debug|x86
		{EC3FFAC1-2161-4CBE-9A29-A020686E466E}.Release|Any CPU.ActiveCfg = Release|x86
		{EC3FFAC1-2161-4CBE-9A29-A020686E466E}.Release|Mixed Platforms.ActiveCfg = Release|x86
		{EC3FFAC1-2161-4CBE-9A29-A020686E466E}.Release|Mixed Platforms.Build.0 = Release|x86
		{EC3FFAC1-2161-4CBE-9A29-A020686E466E}.Release|x86.ActiveCfg = Release|x86
		{EC3FFAC1-2161-4CBE-9A29-A020686E466E}.Release|x86.Build.0 = Release|x86
		{240043CD-0CA6-447E-8BAA-8B421E3DF664}.Debug|Any CPU.ActiveCfg = Debug|x86
		{240043CD-0CA6-447E-8BAA-8B421E3DF664}.Debug|Mixed Platforms.ActiveCfg = Debug|x86
		{240043CD-0CA6-447E-8BAA-8B421E3DF664}.Debug|Mixed Platforms.Build.0 = Debug|x86
		{240043CD-0CA6-447E-8BAA-8B421E3DF664}.Debug|x86.ActiveCfg = Debug|x86
		{240043CD-0CA6-447E-8BAA-8B421E3DF664}.Debug|x86.Build.0 = Debug|x86
		{240043CD-0CA6-447E-8BAA-8B421E3DF664}.Release|Any CPU.ActiveCfg = Release|x86
		{240043CD-0CA6-447E-8BAA-8B421E3DF664}.Release|Mixed Platforms.ActiveCfg = Release|x86
		{240043CD-0CA6-447E-8BAA-8B421E3DF664}.Release|Mixed Platforms.Build.0 = Release|x86
		{240043CD-0CA6-447E-8BAA-8B421E3DF664}.Release|x86.ActiveCfg = Release|x86
		{240043CD-0CA6-447E-8BAA-8B421E3DF664}.Release|x86.Build.0 = Release|x86
		{4EE3C004-4028-4201-A540-D2E3E2E0D98E}.Debug|Any CPU.ActiveCfg = Debug|Any CPU
		{4EE3C004-4028-4201-A540-D2E3E2E0D98E}.Debug|Any CPU.Build.0 = Debug|Any CPU
		{4EE3C004-4028-4201-A540-D2E3E2E0D98E}.Debug|Mixed Platforms.ActiveCfg = Debug|Any CPU
		{4EE3C004-4028-4201-A540-D2E3E2E0D98E}.Debug|Mixed Platforms.Build.0 = Debug|Any CPU
		{4EE3C004-4028-4201-A540-D2E3E2E0D98E}.Debug|x86.ActiveCfg = Debug|Any CPU
		{4EE3C004-4028-4201-A540-D2E3E2E0D98E}.Debug|x86.Build.0 = Debug|Any CPU
		{4EE3C004-4028-4201-A540-D2E3E2E0D98E}.Release|Any CPU.ActiveCfg = Release|Any CPU
		{4EE3C004-4028-4201-A540-D2E3E2E0D98E}.Release|Any CPU.Build.0 = Release|Any CPU
		{4EE3C004-4028-4201-A540-D2E3E2E0D98E}.Release|Mixed Platforms.ActiveCfg = Release|Any CPU
		{4EE3C004-4028-4201-A540-D2E3E2E0D98E}.Release|Mixed Platforms.Build.0 = Release|Any CPU
		{4EE3C004-4028-4201-A540-D2E3E2E0D98E}.Release|x86.ActiveCfg = Release|Any CPU
		{4EE3C004-4028-4201-A540-D2E3E2E0D98E}.Release|x86.Build.0 = Release|Any CPU
		{378955D6-7B4F-46FD-9AC0-FE50F6383518}.Debug|Any CPU.ActiveCfg = Debug|Any CPU
		{378955D6-7B4F-46FD-9AC0-FE50F6383518}.Debug|Any CPU.Build.0 = Debug|Any CPU
		{378955D6-7B4F-46FD-9AC0-FE50F6383518}.Debug|Mixed Platforms.ActiveCfg = Debug|Any CPU
		{378955D6-7B4F-46FD-9AC0-FE50F6383518}.Debug|Mixed Platforms.Build.0 = Debug|Any CPU
		{378955D6-7B4F-46FD-9AC0-FE50F6383518}.Debug|x86.ActiveCfg = Debug|Any CPU
		{378955D6-7B4F-46FD-9AC0-FE50F6383518}.Release|Any CPU.ActiveCfg = Release|Any CPU
		{378955D6-7B4F-46FD-9AC0-FE50F6383518}.Release|Any CPU.Build.0 = Release|Any CPU
		{378955D6-7B4F-46FD-9AC0-FE50F6383518}.Release|Mixed Platforms.ActiveCfg = Release|Any CPU
		{378955D6-7B4F-46FD-9AC0-FE50F6383518}.Release|Mixed Platforms.Build.0 = Release|Any CPU
		{378955D6-7B4F-46FD-9AC0-FE50F6383518}.Release|x86.ActiveCfg = Release|Any CPU
		{CD176A12-B57F-4E2B-A777-6E6718B351E1}.Debug|Any CPU.ActiveCfg = Debug|Any CPU
		{CD176A12-B57F-4E2B-A777-6E6718B351E1}.Debug|Any CPU.Build.0 = Debug|Any CPU
		{CD176A12-B57F-4E2B-A777-6E6718B351E1}.Debug|Mixed Platforms.ActiveCfg = Debug|Any CPU
		{CD176A12-B57F-4E2B-A777-6E6718B351E1}.Debug|Mixed Platforms.Build.0 = Debug|Any CPU
		{CD176A12-B57F-4E2B-A777-6E6718B351E1}.Debug|x86.ActiveCfg = Debug|Any CPU
		{CD176A12-B57F-4E2B-A777-6E6718B351E1}.Release|Any CPU.ActiveCfg = Release|Any CPU
		{CD176A12-B57F-4E2B-A777-6E6718B351E1}.Release|Any CPU.Build.0 = Release|Any CPU
		{CD176A12-B57F-4E2B-A777-6E6718B351E1}.Release|Mixed Platforms.ActiveCfg = Release|Any CPU
		{CD176A12-B57F-4E2B-A777-6E6718B351E1}.Release|Mixed Platforms.Build.0 = Release|Any CPU
		{CD176A12-B57F-4E2B-A777-6E6718B351E1}.Release|x86.ActiveCfg = Release|Any CPU
		{0585196C-2171-493F-9654-14E1B8E97D94}.Debug|Any CPU.ActiveCfg = Debug|x86
		{0585196C-2171-493F-9654-14E1B8E97D94}.Debug|Mixed Platforms.ActiveCfg = Debug|x86
		{0585196C-2171-493F-9654-14E1B8E97D94}.Debug|Mixed Platforms.Build.0 = Debug|x86
		{0585196C-2171-493F-9654-14E1B8E97D94}.Debug|x86.ActiveCfg = Debug|x86
		{0585196C-2171-493F-9654-14E1B8E97D94}.Debug|x86.Build.0 = Debug|x86
		{0585196C-2171-493F-9654-14E1B8E97D94}.Release|Any CPU.ActiveCfg = Release|x86
		{0585196C-2171-493F-9654-14E1B8E97D94}.Release|Mixed Platforms.ActiveCfg = Release|x86
		{0585196C-2171-493F-9654-14E1B8E97D94}.Release|Mixed Platforms.Build.0 = Release|x86
		{0585196C-2171-493F-9654-14E1B8E97D94}.Release|x86.ActiveCfg = Release|x86
		{0585196C-2171-493F-9654-14E1B8E97D94}.Release|x86.Build.0 = Release|x86
		{773A3340-447A-4EF7-83FA-DB3FDD1EB87C}.Debug|Any CPU.ActiveCfg = Debug|Any CPU
		{773A3340-447A-4EF7-83FA-DB3FDD1EB87C}.Debug|Any CPU.Build.0 = Debug|Any CPU
		{773A3340-447A-4EF7-83FA-DB3FDD1EB87C}.Debug|Mixed Platforms.ActiveCfg = Debug|Any CPU
		{773A3340-447A-4EF7-83FA-DB3FDD1EB87C}.Debug|Mixed Platforms.Build.0 = Debug|Any CPU
		{773A3340-447A-4EF7-83FA-DB3FDD1EB87C}.Debug|x86.ActiveCfg = Debug|Any CPU
		{773A3340-447A-4EF7-83FA-DB3FDD1EB87C}.Release|Any CPU.ActiveCfg = Release|Any CPU
		{773A3340-447A-4EF7-83FA-DB3FDD1EB87C}.Release|Any CPU.Build.0 = Release|Any CPU
		{773A3340-447A-4EF7-83FA-DB3FDD1EB87C}.Release|Mixed Platforms.ActiveCfg = Release|Any CPU
		{773A3340-447A-4EF7-83FA-DB3FDD1EB87C}.Release|Mixed Platforms.Build.0 = Release|Any CPU
		{773A3340-447A-4EF7-83FA-DB3FDD1EB87C}.Release|x86.ActiveCfg = Release|Any CPU
		{59B29EA4-6134-4E52-BE2A-C89B3528B080}.Debug|Any CPU.ActiveCfg = Debug|x86
		{59B29EA4-6134-4E52-BE2A-C89B3528B080}.Debug|Mixed Platforms.ActiveCfg = Debug|x86
		{59B29EA4-6134-4E52-BE2A-C89B3528B080}.Debug|Mixed Platforms.Build.0 = Debug|x86
		{59B29EA4-6134-4E52-BE2A-C89B3528B080}.Debug|x86.ActiveCfg = Debug|x86
		{59B29EA4-6134-4E52-BE2A-C89B3528B080}.Debug|x86.Build.0 = Debug|x86
		{59B29EA4-6134-4E52-BE2A-C89B3528B080}.Release|Any CPU.ActiveCfg = Release|x86
		{59B29EA4-6134-4E52-BE2A-C89B3528B080}.Release|Mixed Platforms.ActiveCfg = Release|x86
		{59B29EA4-6134-4E52-BE2A-C89B3528B080}.Release|Mixed Platforms.Build.0 = Release|x86
		{59B29EA4-6134-4E52-BE2A-C89B3528B080}.Release|x86.ActiveCfg = Release|x86
		{59B29EA4-6134-4E52-BE2A-C89B3528B080}.Release|x86.Build.0 = Release|x86
		{345570C3-2354-4927-90C3-E4F38B247D31}.Debug|Any CPU.ActiveCfg = Debug|Any CPU
		{345570C3-2354-4927-90C3-E4F38B247D31}.Debug|Any CPU.Build.0 = Debug|Any CPU
		{345570C3-2354-4927-90C3-E4F38B247D31}.Debug|Mixed Platforms.ActiveCfg = Debug|Any CPU
		{345570C3-2354-4927-90C3-E4F38B247D31}.Debug|Mixed Platforms.Build.0 = Debug|Any CPU
		{345570C3-2354-4927-90C3-E4F38B247D31}.Debug|x86.ActiveCfg = Debug|Any CPU
		{345570C3-2354-4927-90C3-E4F38B247D31}.Release|Any CPU.ActiveCfg = Release|Any CPU
		{345570C3-2354-4927-90C3-E4F38B247D31}.Release|Any CPU.Build.0 = Release|Any CPU
		{345570C3-2354-4927-90C3-E4F38B247D31}.Release|Mixed Platforms.ActiveCfg = Release|Any CPU
		{345570C3-2354-4927-90C3-E4F38B247D31}.Release|Mixed Platforms.Build.0 = Release|Any CPU
		{345570C3-2354-4927-90C3-E4F38B247D31}.Release|x86.ActiveCfg = Release|Any CPU
		{4E944FFB-9CEA-4716-948F-9F6D6F271151}.Debug|Any CPU.ActiveCfg = Debug|x86
		{4E944FFB-9CEA-4716-948F-9F6D6F271151}.Debug|Mixed Platforms.ActiveCfg = Debug|x86
		{4E944FFB-9CEA-4716-948F-9F6D6F271151}.Debug|Mixed Platforms.Build.0 = Debug|x86
		{4E944FFB-9CEA-4716-948F-9F6D6F271151}.Debug|x86.ActiveCfg = Debug|x86
		{4E944FFB-9CEA-4716-948F-9F6D6F271151}.Debug|x86.Build.0 = Debug|x86
		{4E944FFB-9CEA-4716-948F-9F6D6F271151}.Release|Any CPU.ActiveCfg = Release|x86
		{4E944FFB-9CEA-4716-948F-9F6D6F271151}.Release|Mixed Platforms.ActiveCfg = Release|x86
		{4E944FFB-9CEA-4716-948F-9F6D6F271151}.Release|Mixed Platforms.Build.0 = Release|x86
		{4E944FFB-9CEA-4716-948F-9F6D6F271151}.Release|x86.ActiveCfg = Release|x86
		{4E944FFB-9CEA-4716-948F-9F6D6F271151}.Release|x86.Build.0 = Release|x86
	EndGlobalSection
	GlobalSection(SolutionProperties) = preSolution
		HideSolutionNode = FALSE
	EndGlobalSection
	GlobalSection(NestedProjects) = preSolution
		{378955D6-7B4F-46FD-9AC0-FE50F6383518} = {4928335C-2A8E-4007-96D0-378B9B798F16}
		{CD176A12-B57F-4E2B-A777-6E6718B351E1} = {4928335C-2A8E-4007-96D0-378B9B798F16}
		{345570C3-2354-4927-90C3-E4F38B247D31} = {4928335C-2A8E-4007-96D0-378B9B798F16}
		{0585196C-2171-493F-9654-14E1B8E97D94} = {A7650E02-89E1-41A8-8691-75F682A2A04A}
		{773A3340-447A-4EF7-83FA-DB3FDD1EB87C} = {A7650E02-89E1-41A8-8691-75F682A2A04A}
		{59B29EA4-6134-4E52-BE2A-C89B3528B080} = {A7650E02-89E1-41A8-8691-75F682A2A04A}
		{4E944FFB-9CEA-4716-948F-9F6D6F271151} = {3A7BA554-87A9-4C6D-BB38-107C1D58B3F2}
	EndGlobalSection
EndGlobal
