
Microsoft Visual Studio Solution File, Format Version 12.00
# Visual Studio Version 17
VisualStudioVersion = 17.1.32228.430
MinimumVisualStudioVersion = 10.0.40219.1
Project("{2150E333-8FDC-42A3-9474-1A3956D46DE8}") = "[TestesUnitarios]", "[TestesUnitarios]", "{6784F855-478F-4860-9046-5E40C833C763}"
EndProject
Project("{2150E333-8FDC-42A3-9474-1A3956D46DE8}") = "[CaixaEletronico]", "[CaixaEletronico]", "{4928335C-2A8E-4007-96D0-378B9B798F16}"
EndProject
Project("{2150E333-8FDC-42A3-9474-1A3956D46DE8}") = "[Vendas]", "[Vendas]", "{A7650E02-89E1-41A8-8691-75F682A2A04A}"
EndProject
Project("{2150E333-8FDC-42A3-9474-1A3956D46DE8}") = "[AutoCompletar]", "[AutoCompletar]", "{3A7BA554-87A9-4C6D-BB38-107C1D58B3F2}"
EndProject
Project("{2150E333-8FDC-42A3-9474-1A3956D46DE8}") = "[SVNControl]", "[SVNControl]", "{316B32E1-4092-4AD8-A6B1-4AA0B4D213EB}"
EndProject
Project("{2150E333-8FDC-42A3-9474-1A3956D46DE8}") = "[InMemorySQL]", "[InMemorySQL]", "{A3CD87DE-9EAB-4852-802E-82FA5F59663C}"
EndProject
Project("{2150E333-8FDC-42A3-9474-1A3956D46DE8}") = "Aula", "Aula", "{481A32C5-B3C6-438F-9F90-BD939CAB98C5}"
EndProject
Project("{2150E333-8FDC-42A3-9474-1A3956D46DE8}") = "[CiaDoDireito]", "[CiaDoDireito]", "{72C4D94C-9A86-4214-B631-F4D0D848A9FD}"
EndProject
Project("{FAE04EC0-301F-11D3-BF4B-00C04F79EFBC}") = "Exemplos", "Exemplos\Exemplos.csproj", "{EC3FFAC1-2161-4CBE-9A29-A020686E466E}"
EndProject
Project("{FAE04EC0-301F-11D3-BF4B-00C04F79EFBC}") = "CaixaEletronico", "[CaixaEletronico]\CaixaEletronico\CaixaEletronico.csproj", "{378955D6-7B4F-46FD-9AC0-FE50F6383518}"
EndProject
Project("{FAE04EC0-301F-11D3-BF4B-00C04F79EFBC}") = "CaixaEletronicoWeb", "[CaixaEletronico]\CaixaEletronicoWeb\CaixaEletronicoWeb.csproj", "{CD176A12-B57F-4E2B-A777-6E6718B351E1}"
EndProject
Project("{FAE04EC0-301F-11D3-BF4B-00C04F79EFBC}") = "VendasView", "[Vendas]\VendasView\VendasView.csproj", "{0585196C-2171-493F-9654-14E1B8E97D94}"
EndProject
Project("{FAE04EC0-301F-11D3-BF4B-00C04F79EFBC}") = "VendasModel", "[Vendas]\VendasModel\VendasModel.csproj", "{773A3340-447A-4EF7-83FA-DB3FDD1EB87C}"
EndProject
Project("{FAE04EC0-301F-11D3-BF4B-00C04F79EFBC}") = "VendasController", "[Vendas]\VendasController\VendasController.csproj", "{59B29EA4-6134-4E52-BE2A-C89B3528B080}"
EndProject
Project("{FAE04EC0-301F-11D3-BF4B-00C04F79EFBC}") = "AutoCompletar", "[AutoCompletar]\AutoCompletar.csproj", "{4E944FFB-9CEA-4716-948F-9F6D6F271151}"
EndProject
Project("{FAE04EC0-301F-11D3-BF4B-00C04F79EFBC}") = "SVNControl", "[SVNControl]\SVNControl.csproj", "{1310BE88-E9B8-436D-92DE-D594CACEA81E}"
EndProject
Project("{FAE04EC0-301F-11D3-BF4B-00C04F79EFBC}") = "InMemorySQL", "[InMemorySQL]\InMemorySQL.csproj", "{AB71FC5F-B42B-43F0-9754-6048A6866025}"
EndProject
Project("{FAE04EC0-301F-11D3-BF4B-00C04F79EFBC}") = "Curso", "[Aula]\Curso.csproj", "{11D9B5F9-3478-47CA-9445-ED102A18317E}"
EndProject
Project("{FAE04EC0-301F-11D3-BF4B-00C04F79EFBC}") = "SolutionTest_v4.0", "[TestesUnitarios]\SolutionTest_v4.0\SolutionTest_v4.0.csproj", "{345570C3-2354-4927-90C3-E4F38B247D31}"
EndProject
Project("{FAE04EC0-301F-11D3-BF4B-00C04F79EFBC}") = "CiaDoDireito.Controller", "[CiaDoDireito]\CiaDoDireito.Controller\CiaDoDireito.Controller.csproj", "{B40C7211-AF0A-4831-8A83-DE33A0EB921E}"
EndProject
Project("{FAE04EC0-301F-11D3-BF4B-00C04F79EFBC}") = "CiaDoDireito.Model", "[CiaDoDireito]\CiaDoDireito.Model\CiaDoDireito.Model.csproj", "{B21A05E7-D372-465C-8A1F-9AF21D4243E1}"
EndProject
Project("{FAE04EC0-301F-11D3-BF4B-00C04F79EFBC}") = "CiaDoDireito.View", "[CiaDoDireito]\CiaDoDireito.View\CiaDoDireito.View.csproj", "{47D7620A-4C13-4F45-851A-3340BAC12709}"
EndProject
Project("{FAE04EC0-301F-11D3-BF4B-00C04F79EFBC}") = "Einstein", "Einstein\Einstein.csproj", "{F51141A4-CCFE-413D-8AAC-EE669440FDED}"
EndProject
Project("{2150E333-8FDC-42A3-9474-1A3956D46DE8}") = "[TestesAutomatizados]", "[TestesAutomatizados]", "{8DCEB66A-A122-463C-B2E3-20D31A9704EE}"
EndProject
Project("{9A19103F-16F7-4668-BE54-9A1E7A4F7556}") = "MPSTI.Core", "[TestesAutomatizados]\MPSTI.Core\MPSTI.Core.csproj", "{9DD1BC2E-17AF-469B-A8C0-985000EF2CE1}"
EndProject
Project("{9A19103F-16F7-4668-BE54-9A1E7A4F7556}") = "TesteUnitario", "[TestesAutomatizados]\TesteUnitario\TesteUnitario.csproj", "{C49F8BAB-5C5B-4130-AA6B-6F93C8E1D5CE}"
EndProject
Project("{9A19103F-16F7-4668-BE54-9A1E7A4F7556}") = "FileConverter", "ProvasTecnicas\FileConverter\FileConverter.csproj", "{03E8EFC9-DB07-4DC6-83D7-57E8B6368B53}"
EndProject
Global
	GlobalSection(SolutionConfigurationPlatforms) = preSolution
		Debug|Any CPU = Debug|Any CPU
		Debug|Mixed Platforms = Debug|Mixed Platforms
		Debug|x86 = Debug|x86
		Release|Any CPU = Release|Any CPU
		Release|Mixed Platforms = Release|Mixed Platforms
		Release|x86 = Release|x86
	EndGlobalSection
	GlobalSection(ProjectConfigurationPlatforms) = postSolution
		{EC3FFAC1-2161-4CBE-9A29-A020686E466E}.Debug|Any CPU.ActiveCfg = Debug|x86
		{EC3FFAC1-2161-4CBE-9A29-A020686E466E}.Debug|Mixed Platforms.ActiveCfg = Debug|x86
		{EC3FFAC1-2161-4CBE-9A29-A020686E466E}.Debug|Mixed Platforms.Build.0 = Debug|x86
		{EC3FFAC1-2161-4CBE-9A29-A020686E466E}.Debug|x86.ActiveCfg = Debug|x86
		{EC3FFAC1-2161-4CBE-9A29-A020686E466E}.Debug|x86.Build.0 = Debug|x86
		{EC3FFAC1-2161-4CBE-9A29-A020686E466E}.Release|Any CPU.ActiveCfg = Release|x86
		{EC3FFAC1-2161-4CBE-9A29-A020686E466E}.Release|Mixed Platforms.ActiveCfg = Release|x86
		{EC3FFAC1-2161-4CBE-9A29-A020686E466E}.Release|Mixed Platforms.Build.0 = Release|x86
		{EC3FFAC1-2161-4CBE-9A29-A020686E466E}.Release|x86.ActiveCfg = Release|x86
		{EC3FFAC1-2161-4CBE-9A29-A020686E466E}.Release|x86.Build.0 = Release|x86
		{378955D6-7B4F-46FD-9AC0-FE50F6383518}.Debug|Any CPU.ActiveCfg = Debug|Any CPU
		{378955D6-7B4F-46FD-9AC0-FE50F6383518}.Debug|Any CPU.Build.0 = Debug|Any CPU
		{378955D6-7B4F-46FD-9AC0-FE50F6383518}.Debug|Mixed Platforms.ActiveCfg = Debug|Any CPU
		{378955D6-7B4F-46FD-9AC0-FE50F6383518}.Debug|Mixed Platforms.Build.0 = Debug|Any CPU
		{378955D6-7B4F-46FD-9AC0-FE50F6383518}.Debug|x86.ActiveCfg = Debug|Any CPU
		{378955D6-7B4F-46FD-9AC0-FE50F6383518}.Release|Any CPU.ActiveCfg = Release|Any CPU
		{378955D6-7B4F-46FD-9AC0-FE50F6383518}.Release|Any CPU.Build.0 = Release|Any CPU
		{378955D6-7B4F-46FD-9AC0-FE50F6383518}.Release|Mixed Platforms.ActiveCfg = Release|Any CPU
		{378955D6-7B4F-46FD-9AC0-FE50F6383518}.Release|Mixed Platforms.Build.0 = Release|Any CPU
		{378955D6-7B4F-46FD-9AC0-FE50F6383518}.Release|x86.ActiveCfg = Release|Any CPU
		{CD176A12-B57F-4E2B-A777-6E6718B351E1}.Debug|Any CPU.ActiveCfg = Debug|Any CPU
		{CD176A12-B57F-4E2B-A777-6E6718B351E1}.Debug|Any CPU.Build.0 = Debug|Any CPU
		{CD176A12-B57F-4E2B-A777-6E6718B351E1}.Debug|Mixed Platforms.ActiveCfg = Debug|Any CPU
		{CD176A12-B57F-4E2B-A777-6E6718B351E1}.Debug|Mixed Platforms.Build.0 = Debug|Any CPU
		{CD176A12-B57F-4E2B-A777-6E6718B351E1}.Debug|x86.ActiveCfg = Debug|Any CPU
		{CD176A12-B57F-4E2B-A777-6E6718B351E1}.Release|Any CPU.ActiveCfg = Release|Any CPU
		{CD176A12-B57F-4E2B-A777-6E6718B351E1}.Release|Any CPU.Build.0 = Release|Any CPU
		{CD176A12-B57F-4E2B-A777-6E6718B351E1}.Release|Mixed Platforms.ActiveCfg = Release|Any CPU
		{CD176A12-B57F-4E2B-A777-6E6718B351E1}.Release|Mixed Platforms.Build.0 = Release|Any CPU
		{CD176A12-B57F-4E2B-A777-6E6718B351E1}.Release|x86.ActiveCfg = Release|Any CPU
		{0585196C-2171-493F-9654-14E1B8E97D94}.Debug|Any CPU.ActiveCfg = Debug|x86
		{0585196C-2171-493F-9654-14E1B8E97D94}.Debug|Mixed Platforms.ActiveCfg = Debug|x86
		{0585196C-2171-493F-9654-14E1B8E97D94}.Debug|Mixed Platforms.Build.0 = Debug|x86
		{0585196C-2171-493F-9654-14E1B8E97D94}.Debug|x86.ActiveCfg = Debug|x86
		{0585196C-2171-493F-9654-14E1B8E97D94}.Debug|x86.Build.0 = Debug|x86
		{0585196C-2171-493F-9654-14E1B8E97D94}.Release|Any CPU.ActiveCfg = Release|x86
		{0585196C-2171-493F-9654-14E1B8E97D94}.Release|Mixed Platforms.ActiveCfg = Release|x86
		{0585196C-2171-493F-9654-14E1B8E97D94}.Release|Mixed Platforms.Build.0 = Release|x86
		{0585196C-2171-493F-9654-14E1B8E97D94}.Release|x86.ActiveCfg = Release|x86
		{0585196C-2171-493F-9654-14E1B8E97D94}.Release|x86.Build.0 = Release|x86
		{773A3340-447A-4EF7-83FA-DB3FDD1EB87C}.Debug|Any CPU.ActiveCfg = Debug|Any CPU
		{773A3340-447A-4EF7-83FA-DB3FDD1EB87C}.Debug|Any CPU.Build.0 = Debug|Any CPU
		{773A3340-447A-4EF7-83FA-DB3FDD1EB87C}.Debug|Mixed Platforms.ActiveCfg = Debug|Any CPU
		{773A3340-447A-4EF7-83FA-DB3FDD1EB87C}.Debug|Mixed Platforms.Build.0 = Debug|Any CPU
		{773A3340-447A-4EF7-83FA-DB3FDD1EB87C}.Debug|x86.ActiveCfg = Debug|Any CPU
		{773A3340-447A-4EF7-83FA-DB3FDD1EB87C}.Release|Any CPU.ActiveCfg = Release|Any CPU
		{773A3340-447A-4EF7-83FA-DB3FDD1EB87C}.Release|Any CPU.Build.0 = Release|Any CPU
		{773A3340-447A-4EF7-83FA-DB3FDD1EB87C}.Release|Mixed Platforms.ActiveCfg = Release|Any CPU
		{773A3340-447A-4EF7-83FA-DB3FDD1EB87C}.Release|Mixed Platforms.Build.0 = Release|Any CPU
		{773A3340-447A-4EF7-83FA-DB3FDD1EB87C}.Release|x86.ActiveCfg = Release|Any CPU
		{59B29EA4-6134-4E52-BE2A-C89B3528B080}.Debug|Any CPU.ActiveCfg = Debug|x86
		{59B29EA4-6134-4E52-BE2A-C89B3528B080}.Debug|Mixed Platforms.ActiveCfg = Debug|x86
		{59B29EA4-6134-4E52-BE2A-C89B3528B080}.Debug|Mixed Platforms.Build.0 = Debug|x86
		{59B29EA4-6134-4E52-BE2A-C89B3528B080}.Debug|x86.ActiveCfg = Debug|x86
		{59B29EA4-6134-4E52-BE2A-C89B3528B080}.Debug|x86.Build.0 = Debug|x86
		{59B29EA4-6134-4E52-BE2A-C89B3528B080}.Release|Any CPU.ActiveCfg = Release|x86
		{59B29EA4-6134-4E52-BE2A-C89B3528B080}.Release|Mixed Platforms.ActiveCfg = Release|x86
		{59B29EA4-6134-4E52-BE2A-C89B3528B080}.Release|Mixed Platforms.Build.0 = Release|x86
		{59B29EA4-6134-4E52-BE2A-C89B3528B080}.Release|x86.ActiveCfg = Release|x86
		{59B29EA4-6134-4E52-BE2A-C89B3528B080}.Release|x86.Build.0 = Release|x86
		{4E944FFB-9CEA-4716-948F-9F6D6F271151}.Debug|Any CPU.ActiveCfg = Debug|x86
		{4E944FFB-9CEA-4716-948F-9F6D6F271151}.Debug|Mixed Platforms.ActiveCfg = Debug|x86
		{4E944FFB-9CEA-4716-948F-9F6D6F271151}.Debug|Mixed Platforms.Build.0 = Debug|x86
		{4E944FFB-9CEA-4716-948F-9F6D6F271151}.Debug|x86.ActiveCfg = Debug|x86
		{4E944FFB-9CEA-4716-948F-9F6D6F271151}.Debug|x86.Build.0 = Debug|x86
		{4E944FFB-9CEA-4716-948F-9F6D6F271151}.Release|Any CPU.ActiveCfg = Release|x86
		{4E944FFB-9CEA-4716-948F-9F6D6F271151}.Release|Mixed Platforms.ActiveCfg = Release|x86
		{4E944FFB-9CEA-4716-948F-9F6D6F271151}.Release|Mixed Platforms.Build.0 = Release|x86
		{4E944FFB-9CEA-4716-948F-9F6D6F271151}.Release|x86.ActiveCfg = Release|x86
		{4E944FFB-9CEA-4716-948F-9F6D6F271151}.Release|x86.Build.0 = Release|x86
		{1310BE88-E9B8-436D-92DE-D594CACEA81E}.Debug|Any CPU.ActiveCfg = Debug|x86
		{1310BE88-E9B8-436D-92DE-D594CACEA81E}.Debug|Mixed Platforms.ActiveCfg = Debug|x86
		{1310BE88-E9B8-436D-92DE-D594CACEA81E}.Debug|Mixed Platforms.Build.0 = Debug|x86
		{1310BE88-E9B8-436D-92DE-D594CACEA81E}.Debug|x86.ActiveCfg = Debug|x86
		{1310BE88-E9B8-436D-92DE-D594CACEA81E}.Debug|x86.Build.0 = Debug|x86
		{1310BE88-E9B8-436D-92DE-D594CACEA81E}.Release|Any CPU.ActiveCfg = Release|x86
		{1310BE88-E9B8-436D-92DE-D594CACEA81E}.Release|Mixed Platforms.ActiveCfg = Release|x86
		{1310BE88-E9B8-436D-92DE-D594CACEA81E}.Release|Mixed Platforms.Build.0 = Release|x86
		{1310BE88-E9B8-436D-92DE-D594CACEA81E}.Release|x86.ActiveCfg = Release|x86
		{1310BE88-E9B8-436D-92DE-D594CACEA81E}.Release|x86.Build.0 = Release|x86
		{AB71FC5F-B42B-43F0-9754-6048A6866025}.Debug|Any CPU.ActiveCfg = Debug|x86
		{AB71FC5F-B42B-43F0-9754-6048A6866025}.Debug|Mixed Platforms.ActiveCfg = Debug|x86
		{AB71FC5F-B42B-43F0-9754-6048A6866025}.Debug|Mixed Platforms.Build.0 = Debug|x86
		{AB71FC5F-B42B-43F0-9754-6048A6866025}.Debug|x86.ActiveCfg = Debug|x86
		{AB71FC5F-B42B-43F0-9754-6048A6866025}.Debug|x86.Build.0 = Debug|x86
		{AB71FC5F-B42B-43F0-9754-6048A6866025}.Release|Any CPU.ActiveCfg = Release|x86
		{AB71FC5F-B42B-43F0-9754-6048A6866025}.Release|Mixed Platforms.ActiveCfg = Release|x86
		{AB71FC5F-B42B-43F0-9754-6048A6866025}.Release|Mixed Platforms.Build.0 = Release|x86
		{AB71FC5F-B42B-43F0-9754-6048A6866025}.Release|x86.ActiveCfg = Release|x86
		{AB71FC5F-B42B-43F0-9754-6048A6866025}.Release|x86.Build.0 = Release|x86
		{11D9B5F9-3478-47CA-9445-ED102A18317E}.Debug|Any CPU.ActiveCfg = Debug|Any CPU
		{11D9B5F9-3478-47CA-9445-ED102A18317E}.Debug|Any CPU.Build.0 = Debug|Any CPU
		{11D9B5F9-3478-47CA-9445-ED102A18317E}.Debug|Mixed Platforms.ActiveCfg = Debug|Any CPU
		{11D9B5F9-3478-47CA-9445-ED102A18317E}.Debug|Mixed Platforms.Build.0 = Debug|Any CPU
		{11D9B5F9-3478-47CA-9445-ED102A18317E}.Debug|x86.ActiveCfg = Debug|Any CPU
		{11D9B5F9-3478-47CA-9445-ED102A18317E}.Release|Any CPU.ActiveCfg = Release|Any CPU
		{11D9B5F9-3478-47CA-9445-ED102A18317E}.Release|Any CPU.Build.0 = Release|Any CPU
		{11D9B5F9-3478-47CA-9445-ED102A18317E}.Release|Mixed Platforms.ActiveCfg = Release|Any CPU
		{11D9B5F9-3478-47CA-9445-ED102A18317E}.Release|Mixed Platforms.Build.0 = Release|Any CPU
		{11D9B5F9-3478-47CA-9445-ED102A18317E}.Release|x86.ActiveCfg = Release|Any CPU
		{345570C3-2354-4927-90C3-E4F38B247D31}.Debug|Any CPU.ActiveCfg = Debug|Any CPU
		{345570C3-2354-4927-90C3-E4F38B247D31}.Debug|Any CPU.Build.0 = Debug|Any CPU
		{345570C3-2354-4927-90C3-E4F38B247D31}.Debug|Mixed Platforms.ActiveCfg = Debug|Any CPU
		{345570C3-2354-4927-90C3-E4F38B247D31}.Debug|Mixed Platforms.Build.0 = Debug|Any CPU
		{345570C3-2354-4927-90C3-E4F38B247D31}.Debug|x86.ActiveCfg = Debug|Any CPU
		{345570C3-2354-4927-90C3-E4F38B247D31}.Release|Any CPU.ActiveCfg = Release|Any CPU
		{345570C3-2354-4927-90C3-E4F38B247D31}.Release|Any CPU.Build.0 = Release|Any CPU
		{345570C3-2354-4927-90C3-E4F38B247D31}.Release|Mixed Platforms.ActiveCfg = Release|Any CPU
		{345570C3-2354-4927-90C3-E4F38B247D31}.Release|Mixed Platforms.Build.0 = Release|Any CPU
		{345570C3-2354-4927-90C3-E4F38B247D31}.Release|x86.ActiveCfg = Release|Any CPU
		{B40C7211-AF0A-4831-8A83-DE33A0EB921E}.Debug|Any CPU.ActiveCfg = Debug|x86
		{B40C7211-AF0A-4831-8A83-DE33A0EB921E}.Debug|Mixed Platforms.ActiveCfg = Debug|x86
		{B40C7211-AF0A-4831-8A83-DE33A0EB921E}.Debug|Mixed Platforms.Build.0 = Debug|x86
		{B40C7211-AF0A-4831-8A83-DE33A0EB921E}.Debug|x86.ActiveCfg = Debug|x86
		{B40C7211-AF0A-4831-8A83-DE33A0EB921E}.Debug|x86.Build.0 = Debug|x86
		{B40C7211-AF0A-4831-8A83-DE33A0EB921E}.Release|Any CPU.ActiveCfg = Release|x86
		{B40C7211-AF0A-4831-8A83-DE33A0EB921E}.Release|Mixed Platforms.ActiveCfg = Release|x86
		{B40C7211-AF0A-4831-8A83-DE33A0EB921E}.Release|Mixed Platforms.Build.0 = Release|x86
		{B40C7211-AF0A-4831-8A83-DE33A0EB921E}.Release|x86.ActiveCfg = Release|x86
		{B40C7211-AF0A-4831-8A83-DE33A0EB921E}.Release|x86.Build.0 = Release|x86
		{B21A05E7-D372-465C-8A1F-9AF21D4243E1}.Debug|Any CPU.ActiveCfg = Debug|Any CPU
		{B21A05E7-D372-465C-8A1F-9AF21D4243E1}.Debug|Any CPU.Build.0 = Debug|Any CPU
		{B21A05E7-D372-465C-8A1F-9AF21D4243E1}.Debug|Mixed Platforms.ActiveCfg = Debug|Any CPU
		{B21A05E7-D372-465C-8A1F-9AF21D4243E1}.Debug|Mixed Platforms.Build.0 = Debug|Any CPU
		{B21A05E7-D372-465C-8A1F-9AF21D4243E1}.Debug|x86.ActiveCfg = Debug|Any CPU
		{B21A05E7-D372-465C-8A1F-9AF21D4243E1}.Release|Any CPU.ActiveCfg = Release|Any CPU
		{B21A05E7-D372-465C-8A1F-9AF21D4243E1}.Release|Any CPU.Build.0 = Release|Any CPU
		{B21A05E7-D372-465C-8A1F-9AF21D4243E1}.Release|Mixed Platforms.ActiveCfg = Release|Any CPU
		{B21A05E7-D372-465C-8A1F-9AF21D4243E1}.Release|Mixed Platforms.Build.0 = Release|Any CPU
		{B21A05E7-D372-465C-8A1F-9AF21D4243E1}.Release|x86.ActiveCfg = Release|Any CPU
		{47D7620A-4C13-4F45-851A-3340BAC12709}.Debug|Any CPU.ActiveCfg = Debug|x86
		{47D7620A-4C13-4F45-851A-3340BAC12709}.Debug|Mixed Platforms.ActiveCfg = Debug|x86
		{47D7620A-4C13-4F45-851A-3340BAC12709}.Debug|Mixed Platforms.Build.0 = Debug|x86
		{47D7620A-4C13-4F45-851A-3340BAC12709}.Debug|x86.ActiveCfg = Debug|x86
		{47D7620A-4C13-4F45-851A-3340BAC12709}.Debug|x86.Build.0 = Debug|x86
		{47D7620A-4C13-4F45-851A-3340BAC12709}.Release|Any CPU.ActiveCfg = Release|x86
		{47D7620A-4C13-4F45-851A-3340BAC12709}.Release|Mixed Platforms.ActiveCfg = Release|x86
		{47D7620A-4C13-4F45-851A-3340BAC12709}.Release|Mixed Platforms.Build.0 = Release|x86
		{47D7620A-4C13-4F45-851A-3340BAC12709}.Release|x86.ActiveCfg = Release|x86
		{47D7620A-4C13-4F45-851A-3340BAC12709}.Release|x86.Build.0 = Release|x86
		{F51141A4-CCFE-413D-8AAC-EE669440FDED}.Debug|Any CPU.ActiveCfg = Debug|Any CPU
		{F51141A4-CCFE-413D-8AAC-EE669440FDED}.Debug|Any CPU.Build.0 = Debug|Any CPU
		{F51141A4-CCFE-413D-8AAC-EE669440FDED}.Debug|Mixed Platforms.ActiveCfg = Debug|Any CPU
		{F51141A4-CCFE-413D-8AAC-EE669440FDED}.Debug|Mixed Platforms.Build.0 = Debug|Any CPU
		{F51141A4-CCFE-413D-8AAC-EE669440FDED}.Debug|x86.ActiveCfg = Debug|Any CPU
		{F51141A4-CCFE-413D-8AAC-EE669440FDED}.Release|Any CPU.ActiveCfg = Release|Any CPU
		{F51141A4-CCFE-413D-8AAC-EE669440FDED}.Release|Any CPU.Build.0 = Release|Any CPU
		{F51141A4-CCFE-413D-8AAC-EE669440FDED}.Release|Mixed Platforms.ActiveCfg = Release|Any CPU
		{F51141A4-CCFE-413D-8AAC-EE669440FDED}.Release|Mixed Platforms.Build.0 = Release|Any CPU
		{F51141A4-CCFE-413D-8AAC-EE669440FDED}.Release|x86.ActiveCfg = Release|Any CPU
		{9DD1BC2E-17AF-469B-A8C0-985000EF2CE1}.Debug|Any CPU.ActiveCfg = Debug|Any CPU
		{9DD1BC2E-17AF-469B-A8C0-985000EF2CE1}.Debug|Any CPU.Build.0 = Debug|Any CPU
		{9DD1BC2E-17AF-469B-A8C0-985000EF2CE1}.Debug|Mixed Platforms.ActiveCfg = Debug|Any CPU
		{9DD1BC2E-17AF-469B-A8C0-985000EF2CE1}.Debug|Mixed Platforms.Build.0 = Debug|Any CPU
		{9DD1BC2E-17AF-469B-A8C0-985000EF2CE1}.Debug|x86.ActiveCfg = Debug|Any CPU
		{9DD1BC2E-17AF-469B-A8C0-985000EF2CE1}.Debug|x86.Build.0 = Debug|Any CPU
		{9DD1BC2E-17AF-469B-A8C0-985000EF2CE1}.Release|Any CPU.ActiveCfg = Release|Any CPU
		{9DD1BC2E-17AF-469B-A8C0-985000EF2CE1}.Release|Any CPU.Build.0 = Release|Any CPU
		{9DD1BC2E-17AF-469B-A8C0-985000EF2CE1}.Release|Mixed Platforms.ActiveCfg = Release|Any CPU
		{9DD1BC2E-17AF-469B-A8C0-985000EF2CE1}.Release|Mixed Platforms.Build.0 = Release|Any CPU
		{9DD1BC2E-17AF-469B-A8C0-985000EF2CE1}.Release|x86.ActiveCfg = Release|Any CPU
		{9DD1BC2E-17AF-469B-A8C0-985000EF2CE1}.Release|x86.Build.0 = Release|Any CPU
		{C49F8BAB-5C5B-4130-AA6B-6F93C8E1D5CE}.Debug|Any CPU.ActiveCfg = Debug|Any CPU
		{C49F8BAB-5C5B-4130-AA6B-6F93C8E1D5CE}.Debug|Any CPU.Build.0 = Debug|Any CPU
		{C49F8BAB-5C5B-4130-AA6B-6F93C8E1D5CE}.Debug|Mixed Platforms.ActiveCfg = Debug|Any CPU
		{C49F8BAB-5C5B-4130-AA6B-6F93C8E1D5CE}.Debug|Mixed Platforms.Build.0 = Debug|Any CPU
		{C49F8BAB-5C5B-4130-AA6B-6F93C8E1D5CE}.Debug|x86.ActiveCfg = Debug|Any CPU
		{C49F8BAB-5C5B-4130-AA6B-6F93C8E1D5CE}.Debug|x86.Build.0 = Debug|Any CPU
		{C49F8BAB-5C5B-4130-AA6B-6F93C8E1D5CE}.Release|Any CPU.ActiveCfg = Release|Any CPU
		{C49F8BAB-5C5B-4130-AA6B-6F93C8E1D5CE}.Release|Any CPU.Build.0 = Release|Any CPU
		{C49F8BAB-5C5B-4130-AA6B-6F93C8E1D5CE}.Release|Mixed Platforms.ActiveCfg = Release|Any CPU
		{C49F8BAB-5C5B-4130-AA6B-6F93C8E1D5CE}.Release|Mixed Platforms.Build.0 = Release|Any CPU
		{C49F8BAB-5C5B-4130-AA6B-6F93C8E1D5CE}.Release|x86.ActiveCfg = Release|Any CPU
		{C49F8BAB-5C5B-4130-AA6B-6F93C8E1D5CE}.Release|x86.Build.0 = Release|Any CPU
		{03E8EFC9-DB07-4DC6-83D7-57E8B6368B53}.Debug|Any CPU.ActiveCfg = Debug|Any CPU
		{03E8EFC9-DB07-4DC6-83D7-57E8B6368B53}.Debug|Any CPU.Build.0 = Debug|Any CPU
		{03E8EFC9-DB07-4DC6-83D7-57E8B6368B53}.Debug|Mixed Platforms.ActiveCfg = Debug|Any CPU
		{03E8EFC9-DB07-4DC6-83D7-57E8B6368B53}.Debug|Mixed Platforms.Build.0 = Debug|Any CPU
		{03E8EFC9-DB07-4DC6-83D7-57E8B6368B53}.Debug|x86.ActiveCfg = Debug|Any CPU
		{03E8EFC9-DB07-4DC6-83D7-57E8B6368B53}.Debug|x86.Build.0 = Debug|Any CPU
		{03E8EFC9-DB07-4DC6-83D7-57E8B6368B53}.Release|Any CPU.ActiveCfg = Release|Any CPU
		{03E8EFC9-DB07-4DC6-83D7-57E8B6368B53}.Release|Any CPU.Build.0 = Release|Any CPU
		{03E8EFC9-DB07-4DC6-83D7-57E8B6368B53}.Release|Mixed Platforms.ActiveCfg = Release|Any CPU
		{03E8EFC9-DB07-4DC6-83D7-57E8B6368B53}.Release|Mixed Platforms.Build.0 = Release|Any CPU
		{03E8EFC9-DB07-4DC6-83D7-57E8B6368B53}.Release|x86.ActiveCfg = Release|Any CPU
		{03E8EFC9-DB07-4DC6-83D7-57E8B6368B53}.Release|x86.Build.0 = Release|Any CPU
	EndGlobalSection
	GlobalSection(SolutionProperties) = preSolution
		HideSolutionNode = FALSE
	EndGlobalSection
	GlobalSection(NestedProjects) = preSolution
		{378955D6-7B4F-46FD-9AC0-FE50F6383518} = {4928335C-2A8E-4007-96D0-378B9B798F16}
		{CD176A12-B57F-4E2B-A777-6E6718B351E1} = {4928335C-2A8E-4007-96D0-378B9B798F16}
		{0585196C-2171-493F-9654-14E1B8E97D94} = {A7650E02-89E1-41A8-8691-75F682A2A04A}
		{773A3340-447A-4EF7-83FA-DB3FDD1EB87C} = {A7650E02-89E1-41A8-8691-75F682A2A04A}
		{59B29EA4-6134-4E52-BE2A-C89B3528B080} = {A7650E02-89E1-41A8-8691-75F682A2A04A}
		{4E944FFB-9CEA-4716-948F-9F6D6F271151} = {3A7BA554-87A9-4C6D-BB38-107C1D58B3F2}
		{1310BE88-E9B8-436D-92DE-D594CACEA81E} = {316B32E1-4092-4AD8-A6B1-4AA0B4D213EB}
		{AB71FC5F-B42B-43F0-9754-6048A6866025} = {A3CD87DE-9EAB-4852-802E-82FA5F59663C}
		{11D9B5F9-3478-47CA-9445-ED102A18317E} = {481A32C5-B3C6-438F-9F90-BD939CAB98C5}
		{345570C3-2354-4927-90C3-E4F38B247D31} = {6784F855-478F-4860-9046-5E40C833C763}
		{B40C7211-AF0A-4831-8A83-DE33A0EB921E} = {72C4D94C-9A86-4214-B631-F4D0D848A9FD}
		{B21A05E7-D372-465C-8A1F-9AF21D4243E1} = {72C4D94C-9A86-4214-B631-F4D0D848A9FD}
		{47D7620A-4C13-4F45-851A-3340BAC12709} = {72C4D94C-9A86-4214-B631-F4D0D848A9FD}
		{9DD1BC2E-17AF-469B-A8C0-985000EF2CE1} = {8DCEB66A-A122-463C-B2E3-20D31A9704EE}
		{C49F8BAB-5C5B-4130-AA6B-6F93C8E1D5CE} = {8DCEB66A-A122-463C-B2E3-20D31A9704EE}
	EndGlobalSection
	GlobalSection(ExtensibilityGlobals) = postSolution
		SolutionGuid = {3DFC0904-2B9D-4C10-9EBF-CE193D514540}
	EndGlobalSection
EndGlobal
