
Microsoft Visual Studio Solution File, Format Version 11.00
# Visual Studio 2010
Project("{FAE04EC0-301F-11D3-BF4B-00C04F79EFBC}") = "VendasController", "VendasController\VendasController.csproj", "{59B29EA4-6134-4E52-BE2A-C89B3528B080}"
EndProject
Project("{FAE04EC0-301F-11D3-BF4B-00C04F79EFBC}") = "VendasView", "VendasView\VendasView.csproj", "{0585196C-2171-493F-9654-14E1B8E97D94}"
EndProject
Project("{FAE04EC0-301F-11D3-BF4B-00C04F79EFBC}") = "VendasModel", "VendasModel\VendasModel.csproj", "{773A3340-447A-4EF7-83FA-DB3FDD1EB87C}"
EndProject
Global
	GlobalSection(SolutionConfigurationPlatforms) = preSolution
		Debug|Any CPU = Debug|Any CPU
		Debug|Mixed Platforms = Debug|Mixed Platforms
		Debug|x86 = Debug|x86
		Release|Any CPU = Release|Any CPU
		Release|Mixed Platforms = Release|Mixed Platforms
		Release|x86 = Release|x86
	EndGlobalSection
	GlobalSection(ProjectConfigurationPlatforms) = postSolution
		{59B29EA4-6134-4E52-BE2A-C89B3528B080}.Debug|Any CPU.ActiveCfg = Debug|x86
		{59B29EA4-6134-4E52-BE2A-C89B3528B080}.Debug|Mixed Platforms.ActiveCfg = Debug|x86
		{59B29EA4-6134-4E52-BE2A-C89B3528B080}.Debug|Mixed Platforms.Build.0 = Debug|x86
		{59B29EA4-6134-4E52-BE2A-C89B3528B080}.Debug|x86.ActiveCfg = Debug|x86
		{59B29EA4-6134-4E52-BE2A-C89B3528B080}.Debug|x86.Build.0 = Debug|x86
		{59B29EA4-6134-4E52-BE2A-C89B3528B080}.Release|Any CPU.ActiveCfg = Release|x86
		{59B29EA4-6134-4E52-BE2A-C89B3528B080}.Release|Mixed Platforms.ActiveCfg = Release|x86
		{59B29EA4-6134-4E52-BE2A-C89B3528B080}.Release|Mixed Platforms.Build.0 = Release|x86
		{59B29EA4-6134-4E52-BE2A-C89B3528B080}.Release|x86.ActiveCfg = Release|x86
		{59B29EA4-6134-4E52-BE2A-C89B3528B080}.Release|x86.Build.0 = Release|x86
		{0585196C-2171-493F-9654-14E1B8E97D94}.Debug|Any CPU.ActiveCfg = Debug|x86
		{0585196C-2171-493F-9654-14E1B8E97D94}.Debug|Mixed Platforms.ActiveCfg = Debug|x86
		{0585196C-2171-493F-9654-14E1B8E97D94}.Debug|Mixed Platforms.Build.0 = Debug|x86
		{0585196C-2171-493F-9654-14E1B8E97D94}.Debug|x86.ActiveCfg = Debug|x86
		{0585196C-2171-493F-9654-14E1B8E97D94}.Debug|x86.Build.0 = Debug|x86
		{0585196C-2171-493F-9654-14E1B8E97D94}.Release|Any CPU.ActiveCfg = Release|x86
		{0585196C-2171-493F-9654-14E1B8E97D94}.Release|Mixed Platforms.ActiveCfg = Release|x86
		{0585196C-2171-493F-9654-14E1B8E97D94}.Release|Mixed Platforms.Build.0 = Release|x86
		{0585196C-2171-493F-9654-14E1B8E97D94}.Release|x86.ActiveCfg = Release|x86
		{0585196C-2171-493F-9654-14E1B8E97D94}.Release|x86.Build.0 = Release|x86
		{773A3340-447A-4EF7-83FA-DB3FDD1EB87C}.Debug|Any CPU.ActiveCfg = Debug|Any CPU
		{773A3340-447A-4EF7-83FA-DB3FDD1EB87C}.Debug|Any CPU.Build.0 = Debug|Any CPU
		{773A3340-447A-4EF7-83FA-DB3FDD1EB87C}.Debug|Mixed Platforms.ActiveCfg = Debug|Any CPU
		{773A3340-447A-4EF7-83FA-DB3FDD1EB87C}.Debug|Mixed Platforms.Build.0 = Debug|Any CPU
		{773A3340-447A-4EF7-83FA-DB3FDD1EB87C}.Debug|x86.ActiveCfg = Debug|Any CPU
		{773A3340-447A-4EF7-83FA-DB3FDD1EB87C}.Release|Any CPU.ActiveCfg = Release|Any CPU
		{773A3340-447A-4EF7-83FA-DB3FDD1EB87C}.Release|Any CPU.Build.0 = Release|Any CPU
		{773A3340-447A-4EF7-83FA-DB3FDD1EB87C}.Release|Mixed Platforms.ActiveCfg = Release|Any CPU
		{773A3340-447A-4EF7-83FA-DB3FDD1EB87C}.Release|Mixed Platforms.Build.0 = Release|Any CPU
		{773A3340-447A-4EF7-83FA-DB3FDD1EB87C}.Release|x86.ActiveCfg = Release|Any CPU
	EndGlobalSection
	GlobalSection(SolutionProperties) = preSolution
		HideSolutionNode = FALSE
	EndGlobalSection
EndGlobal
